// !$*UTF8*$!
{
	archiveVersion = 1;
	classes = {
	};
	objectVersion = 55;
	objects = {

/* Begin PBXBuildFile section */
		C1D36550282613B8008EC8DC /* AppDelegate.swift in Sources */ = {isa = PBXBuildFile; fileRef = C1D3654F282613B8008EC8DC /* AppDelegate.swift */; };
		C1D36552282613B8008EC8DC /* SceneDelegate.swift in Sources */ = {isa = PBXBuildFile; fileRef = C1D36551282613B8008EC8DC /* SceneDelegate.swift */; };
		C1D36554282613B8008EC8DC /* CalculateViewController.swift in Sources */ = {isa = PBXBuildFile; fileRef = C1D36553282613B8008EC8DC /* CalculateViewController.swift */; };
		C1D36557282613B8008EC8DC /* Main.storyboard in Resources */ = {isa = PBXBuildFile; fileRef = C1D36555282613B8008EC8DC /* Main.storyboard */; };
		C1D36559282613B9008EC8DC /* Assets.xcassets in Resources */ = {isa = PBXBuildFile; fileRef = C1D36558282613B9008EC8DC /* Assets.xcassets */; };
		C1D3655C282613B9008EC8DC /* LaunchScreen.storyboard in Resources */ = {isa = PBXBuildFile; fileRef = C1D3655A282613B9008EC8DC /* LaunchScreen.storyboard */; };
		C1D3656928262C2B008EC8DC /* ResultViewController.swift in Sources */ = {isa = PBXBuildFile; fileRef = C1D3656828262C2B008EC8DC /* ResultViewController.swift */; };
		C1D3656B282634FE008EC8DC /* CalculatorBrain.swift in Sources */ = {isa = PBXBuildFile; fileRef = C1D3656A282634FE008EC8DC /* CalculatorBrain.swift */; };
		C1D3656F28263E30008EC8DC /* BMI.swift in Sources */ = {isa = PBXBuildFile; fileRef = C1D3656E28263E30008EC8DC /* BMI.swift */; };
		C1D3657328264ABB008EC8DC /* screenshot.png in Resources */ = {isa = PBXBuildFile; fileRef = C1D3657228264ABA008EC8DC /* screenshot.png */; };
/* End PBXBuildFile section */

/* Begin PBXFileReference section */
		C1D3654C282613B8008EC8DC /* bmiCalculator.app */ = {isa = PBXFileReference; explicitFileType = wrapper.application; includeInIndex = 0; path = bmiCalculator.app; sourceTree = BUILT_PRODUCTS_DIR; };
		C1D3654F282613B8008EC8DC /* AppDelegate.swift */ = {isa = PBXFileReference; lastKnownFileType = sourcecode.swift; path = AppDelegate.swift; sourceTree = "<group>"; };
		C1D36551282613B8008EC8DC /* SceneDelegate.swift */ = {isa = PBXFileReference; lastKnownFileType = sourcecode.swift; path = SceneDelegate.swift; sourceTree = "<group>"; };
		C1D36553282613B8008EC8DC /* CalculateViewController.swift */ = {isa = PBXFileReference; lastKnownFileType = sourcecode.swift; path = CalculateViewController.swift; sourceTree = "<group>"; };
		C1D36556282613B8008EC8DC /* Base */ = {isa = PBXFileReference; lastKnownFileType = file.storyboard; name = Base; path = Base.lproj/Main.storyboard; sourceTree = "<group>"; };
		C1D36558282613B9008EC8DC /* Assets.xcassets */ = {isa = PBXFileReference; lastKnownFileType = folder.assetcatalog; path = Assets.xcassets; sourceTree = "<group>"; };
		C1D3655B282613B9008EC8DC /* Base */ = {isa = PBXFileReference; lastKnownFileType = file.storyboard; name = Base; path = Base.lproj/LaunchScreen.storyboard; sourceTree = "<group>"; };
		C1D3655D282613B9008EC8DC /* Info.plist */ = {isa = PBXFileReference; lastKnownFileType = text.plist.xml; path = Info.plist; sourceTree = "<group>"; };
		C1D3656828262C2B008EC8DC /* ResultViewController.swift */ = {isa = PBXFileReference; lastKnownFileType = sourcecode.swift; path = ResultViewController.swift; sourceTree = "<group>"; };
		C1D3656A282634FE008EC8DC /* CalculatorBrain.swift */ = {isa = PBXFileReference; lastKnownFileType = sourcecode.swift; path = CalculatorBrain.swift; sourceTree = "<group>"; };
		C1D3656E28263E30008EC8DC /* BMI.swift */ = {isa = PBXFileReference; lastKnownFileType = sourcecode.swift; path = BMI.swift; sourceTree = "<group>"; };
		C1D3657228264ABA008EC8DC /* screenshot.png */ = {isa = PBXFileReference; lastKnownFileType = image.png; path = screenshot.png; sourceTree = "<group>"; };
/* End PBXFileReference section */

/* Begin PBXFrameworksBuildPhase section */
		C1D36549282613B8008EC8DC /* Frameworks */ = {
			isa = PBXFrameworksBuildPhase;
			buildActionMask = 2147483647;
			files = (
			);
			runOnlyForDeploymentPostprocessing = 0;
		};
/* End PBXFrameworksBuildPhase section */

/* Begin PBXGroup section */
		C1D36543282613B8008EC8DC = {
			isa = PBXGroup;
			children = (
				C1D3657128264A9F008EC8DC /* Documentation */,
				C1D3654E282613B8008EC8DC /* bmiCalculator */,
				C1D3654D282613B8008EC8DC /* Products */,
			);
			sourceTree = "<group>";
		};
		C1D3654D282613B8008EC8DC /* Products */ = {
			isa = PBXGroup;
			children = (
				C1D3654C282613B8008EC8DC /* bmiCalculator.app */,
			);
			name = Products;
			sourceTree = "<group>";
		};
		C1D3654E282613B8008EC8DC /* bmiCalculator */ = {
			isa = PBXGroup;
			children = (
				C1D3656528261476008EC8DC /* Model */,
				C1D3656328261452008EC8DC /* View */,
				C1D3656428261463008EC8DC /* Controllers */,
				C1D3654F282613B8008EC8DC /* AppDelegate.swift */,
				C1D36551282613B8008EC8DC /* SceneDelegate.swift */,
				C1D36558282613B9008EC8DC /* Assets.xcassets */,
				C1D3655A282613B9008EC8DC /* LaunchScreen.storyboard */,
				C1D3655D282613B9008EC8DC /* Info.plist */,
			);
			path = bmiCalculator;
			sourceTree = "<group>";
		};
		C1D3656328261452008EC8DC /* View */ = {
			isa = PBXGroup;
			children = (
				C1D36555282613B8008EC8DC /* Main.storyboard */,
			);
			path = View;
			sourceTree = "<group>";
		};
		C1D3656428261463008EC8DC /* Controllers */ = {
			isa = PBXGroup;
			children = (
				C1D36553282613B8008EC8DC /* CalculateViewController.swift */,
				C1D3656828262C2B008EC8DC /* ResultViewController.swift */,
			);
			path = Controllers;
			sourceTree = "<group>";
		};
		C1D3656528261476008EC8DC /* Model */ = {
			isa = PBXGroup;
			children = (
				C1D3656A282634FE008EC8DC /* CalculatorBrain.swift */,
				C1D3656E28263E30008EC8DC /* BMI.swift */,
			);
			path = Model;
			sourceTree = "<group>";
		};
		C1D3657128264A9F008EC8DC /* Documentation */ = {
			isa = PBXGroup;
			children = (
				C1D3657228264ABA008EC8DC /* screenshot.png */,
			);
			path = Documentation;
			sourceTree = "<group>";
		};
/* End PBXGroup section */

/* Begin PBXNativeTarget section */
		C1D3654B282613B8008EC8DC /* bmiCalculator */ = {
			isa = PBXNativeTarget;
			buildConfigurationList = C1D36560282613B9008EC8DC /* Build configuration list for PBXNativeTarget "bmiCalculator" */;
			buildPhases = (
				C1D36548282613B8008EC8DC /* Sources */,
				C1D36549282613B8008EC8DC /* Frameworks */,
				C1D3654A282613B8008EC8DC /* Resources */,
			);
			buildRules = (
			);
			dependencies = (
			);
			name = bmiCalculator;
			productName = bmiCalculator;
			productReference = C1D3654C282613B8008EC8DC /* bmiCalculator.app */;
			productType = "com.apple.product-type.application";
		};
/* End PBXNativeTarget section */

/* Begin PBXProject section */
		C1D36544282613B8008EC8DC /* Project object */ = {
			isa = PBXProject;
			attributes = {
				BuildIndependentTargetsInParallel = 1;
				LastSwiftUpdateCheck = 1330;
				LastUpgradeCheck = 1330;
				TargetAttributes = {
					C1D3654B282613B8008EC8DC = {
						CreatedOnToolsVersion = 13.3.1;
					};
				};
			};
			buildConfigurationList = C1D36547282613B8008EC8DC /* Build configuration list for PBXProject "bmiCalculator" */;
			compatibilityVersion = "Xcode 13.0";
			developmentRegion = en;
			hasScannedForEncodings = 0;
			knownRegions = (
				en,
				Base,
			);
			mainGroup = C1D36543282613B8008EC8DC;
			productRefGroup = C1D3654D282613B8008EC8DC /* Products */;
			projectDirPath = "";
			projectRoot = "";
			targets = (
				C1D3654B282613B8008EC8DC /* bmiCalculator */,
			);
		};
/* End PBXProject section */

/* Begin PBXResourcesBuildPhase section */
		C1D3654A282613B8008EC8DC /* Resources */ = {
			isa = PBXResourcesBuildPhase;
			buildActionMask = 2147483647;
			files = (
				C1D3655C282613B9008EC8DC /* LaunchScreen.storyboard in Resources */,
				C1D36559282613B9008EC8DC /* Assets.xcassets in Resources */,
				C1D36557282613B8008EC8DC /* Main.storyboard in Resources */,
				C1D3657328264ABB008EC8DC /* screenshot.png in Resources */,
			);
			runOnlyForDeploymentPostprocessing = 0;
		};
/* End PBXResourcesBuildPhase section */

/* Begin PBXSourcesBuildPhase section */
		C1D36548282613B8008EC8DC /* Sources */ = {
			isa = PBXSourcesBuildPhase;
			buildActionMask = 2147483647;
			files = (
				C1D36554282613B8008EC8DC /* CalculateViewController.swift in Sources */,
				C1D36550282613B8008EC8DC /* AppDelegate.swift in Sources */,
				C1D36552282613B8008EC8DC /* SceneDelegate.swift in Sources */,
				C1D3656B282634FE008EC8DC /* CalculatorBrain.swift in Sources */,
				C1D3656F28263E30008EC8DC /* BMI.swift in Sources */,
				C1D3656928262C2B008EC8DC /* ResultViewController.swift in Sources */,
			);
			runOnlyForDeploymentPostprocessing = 0;
		};
/* End PBXSourcesBuildPhase section */

/* Begin PBXVariantGroup section */
		C1D36555282613B8008EC8DC /* Main.storyboard */ = {
			isa = PBXVariantGroup;
			children = (
				C1D36556282613B8008EC8DC /* Base */,
			);
			name = Main.storyboard;
			sourceTree = "<group>";
		};
		C1D3655A282613B9008EC8DC /* LaunchScreen.storyboard */ = {
			isa = PBXVariantGroup;
			children = (
				C1D3655B282613B9008EC8DC /* Base */,
			);
			name = LaunchScreen.storyboard;
			sourceTree = "<group>";
		};
/* End PBXVariantGroup section */

/* Begin XCBuildConfiguration section */
		C1D3655E282613B9008EC8DC /* Debug */ = {
			isa = XCBuildConfiguration;
			buildSettings = {
				ALWAYS_SEARCH_USER_PATHS = NO;
				CLANG_ANALYZER_NONNULL = YES;
				CLANG_ANALYZER_NUMBER_OBJECT_CONVERSION = YES_AGGRESSIVE;
				CLANG_CXX_LANGUAGE_STANDARD = "gnu++17";
				CLANG_ENABLE_MODULES = YES;
				CLANG_ENABLE_OBJC_ARC = YES;
				CLANG_ENABLE_OBJC_WEAK = YES;
				CLANG_WARN_BLOCK_CAPTURE_AUTORELEASING = YES;
				CLANG_WARN_BOOL_CONVERSION = YES;
				CLANG_WARN_COMMA = YES;
				CLANG_WARN_CONSTANT_CONVERSION = YES;
				CLANG_WARN_DEPRECATED_OBJC_IMPLEMENTATIONS = YES;
				CLANG_WARN_DIRECT_OBJC_ISA_USAGE = YES_ERROR;
				CLANG_WARN_DOCUMENTATION_COMMENTS = YES;
				CLANG_WARN_EMPTY_BODY = YES;
				CLANG_WARN_ENUM_CONVERSION = YES;
				CLANG_WARN_INFINITE_RECURSION = YES;
				CLANG_WARN_INT_CONVERSION = YES;
				CLANG_WARN_NON_LITERAL_NULL_CONVERSION = YES;
				CLANG_WARN_OBJC_IMPLICIT_RETAIN_SELF = YES;
				CLANG_WARN_OBJC_LITERAL_CONVERSION = YES;
				CLANG_WARN_OBJC_ROOT_CLASS = YES_ERROR;
				CLANG_WARN_QUOTED_INCLUDE_IN_FRAMEWORK_HEADER = YES;
				CLANG_WARN_RANGE_LOOP_ANALYSIS = YES;
				CLANG_WARN_STRICT_PROTOTYPES = YES;
				CLANG_WARN_SUSPICIOUS_MOVE = YES;
				CLANG_WARN_UNGUARDED_AVAILABILITY = YES_AGGRESSIVE;
				CLANG_WARN_UNREACHABLE_CODE = YES;
				CLANG_WARN__DUPLICATE_METHOD_MATCH = YES;
				COPY_PHASE_STRIP = NO;
				DEBUG_INFORMATION_FORMAT = dwarf;
				ENABLE_STRICT_OBJC_MSGSEND = YES;
				ENABLE_TESTABILITY = YES;
				GCC_C_LANGUAGE_STANDARD = gnu11;
				GCC_DYNAMIC_NO_PIC = NO;
				GCC_NO_COMMON_BLOCKS = YES;
				GCC_OPTIMIZATION_LEVEL = 0;
				GCC_PREPROCESSOR_DEFINITIONS = (
					"DEBUG=1",
					"$(inherited)",
				);
				GCC_WARN_64_TO_32_BIT_CONVERSION = YES;
				GCC_WARN_ABOUT_RETURN_TYPE = YES_ERROR;
				GCC_WARN_UNDECLARED_SELECTOR = YES;
				GCC_WARN_UNINITIALIZED_AUTOS = YES_AGGRESSIVE;
				GCC_WARN_UNUSED_FUNCTION = YES;
				GCC_WARN_UNUSED_VARIABLE = YES;
				IPHONEOS_DEPLOYMENT_TARGET = 15.4;
				MTL_ENABLE_DEBUG_INFO = INCLUDE_SOURCE;
				MTL_FAST_MATH = YES;
				ONLY_ACTIVE_ARCH = YES;
				SDKROOT = iphoneos;
				SWIFT_ACTIVE_COMPILATION_CONDITIONS = DEBUG;
				SWIFT_OPTIMIZATION_LEVEL = "-Onone";
			};
			name = Debug;
		};
		C1D3655F282613B9008EC8DC /* Release */ = {
			isa = XCBuildConfiguration;
			buildSettings = {
				ALWAYS_SEARCH_USER_PATHS = NO;
				CLANG_ANALYZER_NONNULL = YES;
				CLANG_ANALYZER_NUMBER_OBJECT_CONVERSION = YES_AGGRESSIVE;
				CLANG_CXX_LANGUAGE_STANDARD = "gnu++17";
				CLANG_ENABLE_MODULES = YES;
				CLANG_ENABLE_OBJC_ARC = YES;
				CLANG_ENABLE_OBJC_WEAK = YES;
				CLANG_WARN_BLOCK_CAPTURE_AUTORELEASING = YES;
				CLANG_WARN_BOOL_CONVERSION = YES;
				CLANG_WARN_COMMA = YES;
				CLANG_WARN_CONSTANT_CONVERSION = YES;
				CLANG_WARN_DEPRECATED_OBJC_IMPLEMENTATIONS = YES;
				CLANG_WARN_DIRECT_OBJC_ISA_USAGE = YES_ERROR;
				CLANG_WARN_DOCUMENTATION_COMMENTS = YES;
				CLANG_WARN_EMPTY_BODY = YES;
				CLANG_WARN_ENUM_CONVERSION = YES;
				CLANG_WARN_INFINITE_RECURSION = YES;
				CLANG_WARN_INT_CONVERSION = YES;
				CLANG_WARN_NON_LITERAL_NULL_CONVERSION = YES;
				CLANG_WARN_OBJC_IMPLICIT_RETAIN_SELF = YES;
				CLANG_WARN_OBJC_LITERAL_CONVERSION = YES;
				CLANG_WARN_OBJC_ROOT_CLASS = YES_ERROR;
				CLANG_WARN_QUOTED_INCLUDE_IN_FRAMEWORK_HEADER = YES;
				CLANG_WARN_RANGE_LOOP_ANALYSIS = YES;
				CLANG_WARN_STRICT_PROTOTYPES = YES;
				CLANG_WARN_SUSPICIOUS_MOVE = YES;
				CLANG_WARN_UNGUARDED_AVAILABILITY = YES_AGGRESSIVE;
				CLANG_WARN_UNREACHABLE_CODE = YES;
				CLANG_WARN__DUPLICATE_METHOD_MATCH = YES;
				COPY_PHASE_STRIP = NO;
				DEBUG_INFORMATION_FORMAT = "dwarf-with-dsym";
				ENABLE_NS_ASSERTIONS = NO;
				ENABLE_STRICT_OBJC_MSGSEND = YES;
				GCC_C_LANGUAGE_STANDARD = gnu11;
				GCC_NO_COMMON_BLOCKS = YES;
				GCC_WARN_64_TO_32_BIT_CONVERSION = YES;
				GCC_WARN_ABOUT_RETURN_TYPE = YES_ERROR;
				GCC_WARN_UNDECLARED_SELECTOR = YES;
				GCC_WARN_UNINITIALIZED_AUTOS = YES_AGGRESSIVE;
				GCC_WARN_UNUSED_FUNCTION = YES;
				GCC_WARN_UNUSED_VARIABLE = YES;
				IPHONEOS_DEPLOYMENT_TARGET = 15.4;
				MTL_ENABLE_DEBUG_INFO = NO;
				MTL_FAST_MATH = YES;
				SDKROOT = iphoneos;
				SWIFT_COMPILATION_MODE = wholemodule;
				SWIFT_OPTIMIZATION_LEVEL = "-O";
				VALIDATE_PRODUCT = YES;
			};
			name = Release;
		};
		C1D36561282613B9008EC8DC /* Debug */ = {
			isa = XCBuildConfiguration;
			buildSettings = {
				ASSETCATALOG_COMPILER_APPICON_NAME = AppIcon;
				ASSETCATALOG_COMPILER_GLOBAL_ACCENT_COLOR_NAME = AccentColor;
				CODE_SIGN_STYLE = Automatic;
				CURRENT_PROJECT_VERSION = 1;
				GENERATE_INFOPLIST_FILE = YES;
				INFOPLIST_FILE = bmiCalculator/Info.plist;
				INFOPLIST_KEY_UIApplicationSupportsIndirectInputEvents = YES;
				INFOPLIST_KEY_UILaunchStoryboardName = LaunchScreen;
				INFOPLIST_KEY_UIMainStoryboardFile = Main;
				INFOPLIST_KEY_UISupportedInterfaceOrientations_iPad = "UIInterfaceOrientationPortrait UIInterfaceOrientationPortraitUpsideDown UIInterfaceOrientationLandscapeLeft UIInterfaceOrientationLandscapeRight";
				INFOPLIST_KEY_UISupportedInterfaceOrientations_iPhone = "UIInterfaceOrientationPortrait UIInterfaceOrientationLandscapeLeft UIInterfaceOrientationLandscapeRight";
				LD_RUNPATH_SEARCH_PATHS = (
					"$(inherited)",
					"@executable_path/Frameworks",
				);
				MARKETING_VERSION = 1.0;
				PRODUCT_BUNDLE_IDENTIFIER = com.hugosilvag6.bmiCalculator;
				PRODUCT_NAME = "$(TARGET_NAME)";
				SWIFT_EMIT_LOC_STRINGS = YES;
				SWIFT_VERSION = 5.0;
				TARGETED_DEVICE_FAMILY = "1,2";
			};
			name = Debug;
		};
		C1D36562282613B9008EC8DC /* Release */ = {
			isa = XCBuildConfiguration;
			buildSettings = {
				ASSETCATALOG_COMPILER_APPICON_NAME = AppIcon;
				ASSETCATALOG_COMPILER_GLOBAL_ACCENT_COLOR_NAME = AccentColor;
				CODE_SIGN_STYLE = Automatic;
				CURRENT_PROJECT_VERSION = 1;
				GENERATE_INFOPLIST_FILE = YES;
				INFOPLIST_FILE = bmiCalculator/Info.plist;
				INFOPLIST_KEY_UIApplicationSupportsIndirectInputEvents = YES;
				INFOPLIST_KEY_UILaunchStoryboardName = LaunchScreen;
				INFOPLIST_KEY_UIMainStoryboardFile = Main;
				INFOPLIST_KEY_UISupportedInterfaceOrientations_iPad = "UIInterfaceOrientationPortrait UIInterfaceOrientationPortraitUpsideDown UIInterfaceOrientationLandscapeLeft UIInterfaceOrientationLandscapeRight";
				INFOPLIST_KEY_UISupportedInterfaceOrientations_iPhone = "UIInterfaceOrientationPortrait UIInterfaceOrientationLandscapeLeft UIInterfaceOrientationLandscapeRight";
				LD_RUNPATH_SEARCH_PATHS = (
					"$(inherited)",
					"@executable_path/Frameworks",
				);
				MARKETING_VERSION = 1.0;
				PRODUCT_BUNDLE_IDENTIFIER = com.hugosilvag6.bmiCalculator;
				PRODUCT_NAME = "$(TARGET_NAME)";
				SWIFT_EMIT_LOC_STRINGS = YES;
				SWIFT_VERSION = 5.0;
				TARGETED_DEVICE_FAMILY = "1,2";
			};
			name = Release;
		};
/* End XCBuildConfiguration section */

/* Begin XCConfigurationList section */
		C1D36547282613B8008EC8DC /* Build configuration list for PBXProject "bmiCalculator" */ = {
			isa = XCConfigurationList;
			buildConfigurations = (
				C1D3655E282613B9008EC8DC /* Debug */,
				C1D3655F282613B9008EC8DC /* Release */,
			);
			defaultConfigurationIsVisible = 0;
			defaultConfigurationName = Release;
		};
		C1D36560282613B9008EC8DC /* Build configuration list for PBXNativeTarget "bmiCalculator" */ = {
			isa = XCConfigurationList;
			buildConfigurations = (
				C1D36561282613B9008EC8DC /* Debug */,
				C1D36562282613B9008EC8DC /* Release */,
			);
			defaultConfigurationIsVisible = 0;
			defaultConfigurationName = Release;
		};
/* End XCConfigurationList section */
	};
	rootObject = C1D36544282613B8008EC8DC /* Project object */;
}
